
Microsoft Visual Studio Solution File, Format Version 12.00
# Visual Studio 14
VisualStudioVersion = 14.0.25420.1
MinimumVisualStudioVersion = 10.0.40219.1
Project("{FAE04EC0-301F-11D3-BF4B-00C04F79EFBC}") = "LightInject.Mvc", "LightInject.Mvc\LightInject.Mvc.csproj", "{3BD6689D-A4F5-4E76-B984-D361499F87C9}"
EndProject
Project("{FAE04EC0-301F-11D3-BF4B-00C04F79EFBC}") = "LightInject.Mvc.Tests", "LightInject.Mvc.Tests\LightInject.Mvc.Tests.csproj", "{3D7086A5-2F3A-48FA-BE73-71C5A2A162F2}"
EndProject
Global
	GlobalSection(SolutionConfigurationPlatforms) = preSolution
		Debug|Any CPU = Debug|Any CPU
		Release|Any CPU = Release|Any CPU
	EndGlobalSection
	GlobalSection(ProjectConfigurationPlatforms) = postSolution
		{3BD6689D-A4F5-4E76-B984-D361499F87C9}.Debug|Any CPU.ActiveCfg = Debug|Any CPU
		{3BD6689D-A4F5-4E76-B984-D361499F87C9}.Debug|Any CPU.Build.0 = Debug|Any CPU
		{3BD6689D-A4F5-4E76-B984-D361499F87C9}.Release|Any CPU.ActiveCfg = Release|Any CPU
		{3BD6689D-A4F5-4E76-B984-D361499F87C9}.Release|Any CPU.Build.0 = Release|Any CPU
		{3D7086A5-2F3A-48FA-BE73-71C5A2A162F2}.Debug|Any CPU.ActiveCfg = Debug|Any CPU
		{3D7086A5-2F3A-48FA-BE73-71C5A2A162F2}.Debug|Any CPU.Build.0 = Debug|Any CPU
		{3D7086A5-2F3A-48FA-BE73-71C5A2A162F2}.Release|Any CPU.ActiveCfg = Release|Any CPU
		{3D7086A5-2F3A-48FA-BE73-71C5A2A162F2}.Release|Any CPU.Build.0 = Release|Any CPU
	EndGlobalSection
	GlobalSection(SolutionProperties) = preSolution
		HideSolutionNode = FALSE
	EndGlobalSection
EndGlobal
